
Microsoft Visual Studio Solution File, Format Version 12.00
# Visual Studio Version 17
VisualStudioVersion = 17.14.36310.24 d17.14
MinimumVisualStudioVersion = 10.0.40219.1
Project("{FAE04EC0-301F-11D3-BF4B-00C04F79EFBC}") = "AuthorizationService", "AuthorizationService\AuthorizationService.csproj", "{4DEECA69-2C1B-442D-A14A-7C9A83DBE7D8}"
EndProject
Global
	GlobalSection(SolutionConfigurationPlatforms) = preSolution
		Debug|Any CPU = Debug|Any CPU
		Release|Any CPU = Release|Any CPU
	EndGlobalSection
	GlobalSection(ProjectConfigurationPlatforms) = postSolution
		{4DEECA69-2C1B-442D-A14A-7C9A83DBE7D8}.Debug|Any CPU.ActiveCfg = Debug|Any CPU
		{4DEECA69-2C1B-442D-A14A-7C9A83DBE7D8}.Debug|Any CPU.Build.0 = Debug|Any CPU
		{4DEECA69-2C1B-442D-A14A-7C9A83DBE7D8}.Release|Any CPU.ActiveCfg = Release|Any CPU
		{4DEECA69-2C1B-442D-A14A-7C9A83DBE7D8}.Release|Any CPU.Build.0 = Release|Any CPU
	EndGlobalSection
	GlobalSection(SolutionProperties) = preSolution
		HideSolutionNode = FALSE
	EndGlobalSection
	GlobalSection(ExtensibilityGlobals) = postSolution
		SolutionGuid = {7566E7A3-7B0D-44E6-B691-F896BF37172D}
	EndGlobalSection
EndGlobal
